
Microsoft Visual Studio Solution File, Format Version 12.00
# Visual Studio 15
VisualStudioVersion = 15.0.28307.329
MinimumVisualStudioVersion = 10.0.40219.1
Project("{FAE04EC0-301F-11D3-BF4B-00C04F79EFBC}") = "WhatDoICallThis", "WhatDoICallThis\WhatDoICallThis.csproj", "{81FEA275-AAD6-4EC2-9691-1C4A1167E7F3}"
EndProject
Global
	GlobalSection(SolutionConfigurationPlatforms) = preSolution
		Debug|Any CPU = Debug|Any CPU
		Release|Any CPU = Release|Any CPU
	EndGlobalSection
	GlobalSection(ProjectConfigurationPlatforms) = postSolution
		{81FEA275-AAD6-4EC2-9691-1C4A1167E7F3}.Debug|Any CPU.ActiveCfg = Debug|Any CPU
		{81FEA275-AAD6-4EC2-9691-1C4A1167E7F3}.Debug|Any CPU.Build.0 = Debug|Any CPU
		{81FEA275-AAD6-4EC2-9691-1C4A1167E7F3}.Release|Any CPU.ActiveCfg = Release|Any CPU
		{81FEA275-AAD6-4EC2-9691-1C4A1167E7F3}.Release|Any CPU.Build.0 = Release|Any CPU
	EndGlobalSection
	GlobalSection(SolutionProperties) = preSolution
		HideSolutionNode = FALSE
	EndGlobalSection
	GlobalSection(ExtensibilityGlobals) = postSolution
		SolutionGuid = {7FF6FCB5-2963-4469-AA54-ECA4CD401AB6}
	EndGlobalSection
EndGlobal
