
Microsoft Visual Studio Solution File, Format Version 12.00
# Visual Studio 15
VisualStudioVersion = 15.0.28307.329
MinimumVisualStudioVersion = 10.0.40219.1
Project("{FAE04EC0-301F-11D3-BF4B-00C04F79EFBC}") = "cows and bulls", "cows and bulls\cows and bulls.csproj", "{098C58B2-4717-4AFA-B4F0-AB6506016527}"
EndProject
Global
	GlobalSection(SolutionConfigurationPlatforms) = preSolution
		Debug|Any CPU = Debug|Any CPU
		Release|Any CPU = Release|Any CPU
	EndGlobalSection
	GlobalSection(ProjectConfigurationPlatforms) = postSolution
		{098C58B2-4717-4AFA-B4F0-AB6506016527}.Debug|Any CPU.ActiveCfg = Debug|Any CPU
		{098C58B2-4717-4AFA-B4F0-AB6506016527}.Debug|Any CPU.Build.0 = Debug|Any CPU
		{098C58B2-4717-4AFA-B4F0-AB6506016527}.Release|Any CPU.ActiveCfg = Release|Any CPU
		{098C58B2-4717-4AFA-B4F0-AB6506016527}.Release|Any CPU.Build.0 = Release|Any CPU
	EndGlobalSection
	GlobalSection(SolutionProperties) = preSolution
		HideSolutionNode = FALSE
	EndGlobalSection
	GlobalSection(ExtensibilityGlobals) = postSolution
		SolutionGuid = {F4BB83A9-F94E-4F6B-BEAA-9CF816D1DBC1}
	EndGlobalSection
EndGlobal
